
Microsoft Visual Studio Solution File, Format Version 12.00
# Visual Studio 15
VisualStudioVersion = 15.0.27703.2026
MinimumVisualStudioVersion = 10.0.40219.1
Project("{FAE04EC0-301F-11D3-BF4B-00C04F79EFBC}") = "herencia", "herencia\herencia.csproj", "{DAA232E6-2798-4F5A-ACB3-FE552572F422}"
EndProject
Global
	GlobalSection(SolutionConfigurationPlatforms) = preSolution
		Debug|Any CPU = Debug|Any CPU
		Release|Any CPU = Release|Any CPU
	EndGlobalSection
	GlobalSection(ProjectConfigurationPlatforms) = postSolution
		{DAA232E6-2798-4F5A-ACB3-FE552572F422}.Debug|Any CPU.ActiveCfg = Debug|Any CPU
		{DAA232E6-2798-4F5A-ACB3-FE552572F422}.Debug|Any CPU.Build.0 = Debug|Any CPU
		{DAA232E6-2798-4F5A-ACB3-FE552572F422}.Release|Any CPU.ActiveCfg = Release|Any CPU
		{DAA232E6-2798-4F5A-ACB3-FE552572F422}.Release|Any CPU.Build.0 = Release|Any CPU
	EndGlobalSection
	GlobalSection(SolutionProperties) = preSolution
		HideSolutionNode = FALSE
	EndGlobalSection
	GlobalSection(ExtensibilityGlobals) = postSolution
		SolutionGuid = {C429ADCF-3FF0-4F07-8640-C1CFC35515A8}
	EndGlobalSection
EndGlobal
